// !$*UTF8*$!
{
	archiveVersion = 1;
	classes = {
	};
	objectVersion = 46;
	objects = {

/* Begin PBXBuildFile section */
		F4D073411AE89EBB00909814 /* main.m in Sources */ = {isa = PBXBuildFile; fileRef = F4D073401AE89EBB00909814 /* main.m */; };
		F4D073441AE89EBB00909814 /* AppDelegate.m in Sources */ = {isa = PBXBuildFile; fileRef = F4D073431AE89EBB00909814 /* AppDelegate.m */; };
		F4D073471AE89EBB00909814 /* RootViewController.m in Sources */ = {isa = PBXBuildFile; fileRef = F4D073461AE89EBB00909814 /* RootViewController.m */; };
		F4D0734A1AE89EBB00909814 /* DataViewController.m in Sources */ = {isa = PBXBuildFile; fileRef = F4D073491AE89EBB00909814 /* DataViewController.m */; };
		F4D0734D1AE89EBB00909814 /* ModelController.m in Sources */ = {isa = PBXBuildFile; fileRef = F4D0734C1AE89EBB00909814 /* ModelController.m */; };
		F4D073501AE89EBB00909814 /* Main.storyboard in Resources */ = {isa = PBXBuildFile; fileRef = F4D0734E1AE89EBB00909814 /* Main.storyboard */; };
		F4D073521AE89EBB00909814 /* Images.xcassets in Resources */ = {isa = PBXBuildFile; fileRef = F4D073511AE89EBB00909814 /* Images.xcassets */; };
		F4D073551AE89EBB00909814 /* LaunchScreen.xib in Resources */ = {isa = PBXBuildFile; fileRef = F4D073531AE89EBB00909814 /* LaunchScreen.xib */; };
		F4D073611AE89EBB00909814 /* ShareFITests.m in Sources */ = {isa = PBXBuildFile; fileRef = F4D073601AE89EBB00909814 /* ShareFITests.m */; };
/* End PBXBuildFile section */

/* Begin PBXContainerItemProxy section */
		F4D0735B1AE89EBB00909814 /* PBXContainerItemProxy */ = {
			isa = PBXContainerItemProxy;
			containerPortal = F4D073331AE89EBB00909814 /* Project object */;
			proxyType = 1;
			remoteGlobalIDString = F4D0733A1AE89EBB00909814;
			remoteInfo = ShareFI;
		};
/* End PBXContainerItemProxy section */

/* Begin PBXFileReference section */
		F4D0733B1AE89EBB00909814 /* ShareFI.app */ = {isa = PBXFileReference; explicitFileType = wrapper.application; includeInIndex = 0; path = ShareFI.app; sourceTree = BUILT_PRODUCTS_DIR; };
		F4D0733F1AE89EBB00909814 /* Info.plist */ = {isa = PBXFileReference; lastKnownFileType = text.plist.xml; path = Info.plist; sourceTree = "<group>"; };
		F4D073401AE89EBB00909814 /* main.m */ = {isa = PBXFileReference; lastKnownFileType = sourcecode.c.objc; path = main.m; sourceTree = "<group>"; };
		F4D073421AE89EBB00909814 /* AppDelegate.h */ = {isa = PBXFileReference; lastKnownFileType = sourcecode.c.h; path = AppDelegate.h; sourceTree = "<group>"; };
		F4D073431AE89EBB00909814 /* AppDelegate.m */ = {isa = PBXFileReference; lastKnownFileType = sourcecode.c.objc; path = AppDelegate.m; sourceTree = "<group>"; };
		F4D073451AE89EBB00909814 /* RootViewController.h */ = {isa = PBXFileReference; lastKnownFileType = sourcecode.c.h; path = RootViewController.h; sourceTree = "<group>"; };
		F4D073461AE89EBB00909814 /* RootViewController.m */ = {isa = PBXFileReference; lastKnownFileType = sourcecode.c.objc; path = RootViewController.m; sourceTree = "<group>"; };
		F4D073481AE89EBB00909814 /* DataViewController.h */ = {isa = PBXFileReference; lastKnownFileType = sourcecode.c.h; path = DataViewController.h; sourceTree = "<group>"; };
		F4D073491AE89EBB00909814 /* DataViewController.m */ = {isa = PBXFileReference; lastKnownFileType = sourcecode.c.objc; path = DataViewController.m; sourceTree = "<group>"; };
		F4D0734B1AE89EBB00909814 /* ModelController.h */ = {isa = PBXFileReference; lastKnownFileType = sourcecode.c.h; path = ModelController.h; sourceTree = "<group>"; };
		F4D0734C1AE89EBB00909814 /* ModelController.m */ = {isa = PBXFileReference; lastKnownFileType = sourcecode.c.objc; path = ModelController.m; sourceTree = "<group>"; };
		F4D0734F1AE89EBB00909814 /* Base */ = {isa = PBXFileReference; lastKnownFileType = file.storyboard; name = Base; path = Base.lproj/Main.storyboard; sourceTree = "<group>"; };
		F4D073511AE89EBB00909814 /* Images.xcassets */ = {isa = PBXFileReference; lastKnownFileType = folder.assetcatalog; path = Images.xcassets; sourceTree = "<group>"; };
		F4D073541AE89EBB00909814 /* Base */ = {isa = PBXFileReference; lastKnownFileType = file.xib; name = Base; path = Base.lproj/LaunchScreen.xib; sourceTree = "<group>"; };
		F4D0735A1AE89EBB00909814 /* ShareFITests.xctest */ = {isa = PBXFileReference; explicitFileType = wrapper.cfbundle; includeInIndex = 0; path = ShareFITests.xctest; sourceTree = BUILT_PRODUCTS_DIR; };
		F4D0735F1AE89EBB00909814 /* Info.plist */ = {isa = PBXFileReference; lastKnownFileType = text.plist.xml; path = Info.plist; sourceTree = "<group>"; };
		F4D073601AE89EBB00909814 /* ShareFITests.m */ = {isa = PBXFileReference; lastKnownFileType = sourcecode.c.objc; path = ShareFITests.m; sourceTree = "<group>"; };
/* End PBXFileReference section */

/* Begin PBXFrameworksBuildPhase section */
		F4D073381AE89EBB00909814 /* Frameworks */ = {
			isa = PBXFrameworksBuildPhase;
			buildActionMask = 2147483647;
			files = (
			);
			runOnlyForDeploymentPostprocessing = 0;
		};
		F4D073571AE89EBB00909814 /* Frameworks */ = {
			isa = PBXFrameworksBuildPhase;
			buildActionMask = 2147483647;
			files = (
			);
			runOnlyForDeploymentPostprocessing = 0;
		};
/* End PBXFrameworksBuildPhase section */

/* Begin PBXGroup section */
		F4D073321AE89EBB00909814 = {
			isa = PBXGroup;
			children = (
				F4D0733D1AE89EBB00909814 /* ShareFI */,
				F4D0735D1AE89EBB00909814 /* ShareFITests */,
				F4D0733C1AE89EBB00909814 /* Products */,
			);
			sourceTree = "<group>";
		};
		F4D0733C1AE89EBB00909814 /* Products */ = {
			isa = PBXGroup;
			children = (
				F4D0733B1AE89EBB00909814 /* ShareFI.app */,
				F4D0735A1AE89EBB00909814 /* ShareFITests.xctest */,
			);
			name = Products;
			sourceTree = "<group>";
		};
		F4D0733D1AE89EBB00909814 /* ShareFI */ = {
			isa = PBXGroup;
			children = (
				F4D073421AE89EBB00909814 /* AppDelegate.h */,
				F4D073431AE89EBB00909814 /* AppDelegate.m */,
				F4D073451AE89EBB00909814 /* RootViewController.h */,
				F4D073461AE89EBB00909814 /* RootViewController.m */,
				F4D073481AE89EBB00909814 /* DataViewController.h */,
				F4D073491AE89EBB00909814 /* DataViewController.m */,
				F4D0734B1AE89EBB00909814 /* ModelController.h */,
				F4D0734C1AE89EBB00909814 /* ModelController.m */,
				F4D0734E1AE89EBB00909814 /* Main.storyboard */,
				F4D073511AE89EBB00909814 /* Images.xcassets */,
				F4D073531AE89EBB00909814 /* LaunchScreen.xib */,
				F4D0733E1AE89EBB00909814 /* Supporting Files */,
			);
			path = ShareFI;
			sourceTree = "<group>";
		};
		F4D0733E1AE89EBB00909814 /* Supporting Files */ = {
			isa = PBXGroup;
			children = (
				F4D0733F1AE89EBB00909814 /* Info.plist */,
				F4D073401AE89EBB00909814 /* main.m */,
			);
			name = "Supporting Files";
			sourceTree = "<group>";
		};
		F4D0735D1AE89EBB00909814 /* ShareFITests */ = {
			isa = PBXGroup;
			children = (
				F4D073601AE89EBB00909814 /* ShareFITests.m */,
				F4D0735E1AE89EBB00909814 /* Supporting Files */,
			);
			path = ShareFITests;
			sourceTree = "<group>";
		};
		F4D0735E1AE89EBB00909814 /* Supporting Files */ = {
			isa = PBXGroup;
			children = (
				F4D0735F1AE89EBB00909814 /* Info.plist */,
			);
			name = "Supporting Files";
			sourceTree = "<group>";
		};
/* End PBXGroup section */

/* Begin PBXNativeTarget section */
		F4D0733A1AE89EBB00909814 /* ShareFI */ = {
			isa = PBXNativeTarget;
			buildConfigurationList = F4D073641AE89EBB00909814 /* Build configuration list for PBXNativeTarget "ShareFI" */;
			buildPhases = (
				F4D073371AE89EBB00909814 /* Sources */,
				F4D073381AE89EBB00909814 /* Frameworks */,
				F4D073391AE89EBB00909814 /* Resources */,
			);
			buildRules = (
			);
			dependencies = (
			);
			name = ShareFI;
			productName = ShareFI;
			productReference = F4D0733B1AE89EBB00909814 /* ShareFI.app */;
			productType = "com.apple.product-type.application";
		};
		F4D073591AE89EBB00909814 /* ShareFITests */ = {
			isa = PBXNativeTarget;
			buildConfigurationList = F4D073671AE89EBB00909814 /* Build configuration list for PBXNativeTarget "ShareFITests" */;
			buildPhases = (
				F4D073561AE89EBB00909814 /* Sources */,
				F4D073571AE89EBB00909814 /* Frameworks */,
				F4D073581AE89EBB00909814 /* Resources */,
			);
			buildRules = (
			);
			dependencies = (
				F4D0735C1AE89EBB00909814 /* PBXTargetDependency */,
			);
			name = ShareFITests;
			productName = ShareFITests;
			productReference = F4D0735A1AE89EBB00909814 /* ShareFITests.xctest */;
			productType = "com.apple.product-type.bundle.unit-test";
		};
/* End PBXNativeTarget section */

/* Begin PBXProject section */
		F4D073331AE89EBB00909814 /* Project object */ = {
			isa = PBXProject;
			attributes = {
				LastUpgradeCheck = 0630;
				ORGANIZATIONNAME = "Miles Bernhard";
				TargetAttributes = {
					F4D0733A1AE89EBB00909814 = {
						CreatedOnToolsVersion = 6.3.1;
					};
					F4D073591AE89EBB00909814 = {
						CreatedOnToolsVersion = 6.3.1;
						TestTargetID = F4D0733A1AE89EBB00909814;
					};
				};
			};
			buildConfigurationList = F4D073361AE89EBB00909814 /* Build configuration list for PBXProject "ShareFI" */;
			compatibilityVersion = "Xcode 3.2";
			developmentRegion = English;
			hasScannedForEncodings = 0;
			knownRegions = (
				en,
				Base,
			);
			mainGroup = F4D073321AE89EBB00909814;
			productRefGroup = F4D0733C1AE89EBB00909814 /* Products */;
			projectDirPath = "";
			projectRoot = "";
			targets = (
				F4D0733A1AE89EBB00909814 /* ShareFI */,
				F4D073591AE89EBB00909814 /* ShareFITests */,
			);
		};
/* End PBXProject section */

/* Begin PBXResourcesBuildPhase section */
		F4D073391AE89EBB00909814 /* Resources */ = {
			isa = PBXResourcesBuildPhase;
			buildActionMask = 2147483647;
			files = (
				F4D073501AE89EBB00909814 /* Main.storyboard in Resources */,
				F4D073551AE89EBB00909814 /* LaunchScreen.xib in Resources */,
				F4D073521AE89EBB00909814 /* Images.xcassets in Resources */,
			);
			runOnlyForDeploymentPostprocessing = 0;
		};
		F4D073581AE89EBB00909814 /* Resources */ = {
			isa = PBXResourcesBuildPhase;
			buildActionMask = 2147483647;
			files = (
			);
			runOnlyForDeploymentPostprocessing = 0;
		};
/* End PBXResourcesBuildPhase section */

/* Begin PBXSourcesBuildPhase section */
		F4D073371AE89EBB00909814 /* Sources */ = {
			isa = PBXSourcesBuildPhase;
			buildActionMask = 2147483647;
			files = (
				F4D0734A1AE89EBB00909814 /* DataViewController.m in Sources */,
				F4D073441AE89EBB00909814 /* AppDelegate.m in Sources */,
				F4D0734D1AE89EBB00909814 /* ModelController.m in Sources */,
				F4D073411AE89EBB00909814 /* main.m in Sources */,
				F4D073471AE89EBB00909814 /* RootViewController.m in Sources */,
			);
			runOnlyForDeploymentPostprocessing = 0;
		};
		F4D073561AE89EBB00909814 /* Sources */ = {
			isa = PBXSourcesBuildPhase;
			buildActionMask = 2147483647;
			files = (
				F4D073611AE89EBB00909814 /* ShareFITests.m in Sources */,
			);
			runOnlyForDeploymentPostprocessing = 0;
		};
/* End PBXSourcesBuildPhase section */

/* Begin PBXTargetDependency section */
		F4D0735C1AE89EBB00909814 /* PBXTargetDependency */ = {
			isa = PBXTargetDependency;
			target = F4D0733A1AE89EBB00909814 /* ShareFI */;
			targetProxy = F4D0735B1AE89EBB00909814 /* PBXContainerItemProxy */;
		};
/* End PBXTargetDependency section */

/* Begin PBXVariantGroup section */
		F4D0734E1AE89EBB00909814 /* Main.storyboard */ = {
			isa = PBXVariantGroup;
			children = (
				F4D0734F1AE89EBB00909814 /* Base */,
			);
			name = Main.storyboard;
			sourceTree = "<group>";
		};
		F4D073531AE89EBB00909814 /* LaunchScreen.xib */ = {
			isa = PBXVariantGroup;
			children = (
				F4D073541AE89EBB00909814 /* Base */,
			);
			name = LaunchScreen.xib;
			sourceTree = "<group>";
		};
/* End PBXVariantGroup section */

/* Begin XCBuildConfiguration section */
		F4D073621AE89EBB00909814 /* Debug */ = {
			isa = XCBuildConfiguration;
			buildSettings = {
				ALWAYS_SEARCH_USER_PATHS = NO;
				CLANG_CXX_LANGUAGE_STANDARD = "gnu++0x";
				CLANG_CXX_LIBRARY = "libc++";
				CLANG_ENABLE_MODULES = YES;
				CLANG_ENABLE_OBJC_ARC = YES;
				CLANG_WARN_BOOL_CONVERSION = YES;
				CLANG_WARN_CONSTANT_CONVERSION = YES;
				CLANG_WARN_DIRECT_OBJC_ISA_USAGE = YES_ERROR;
				CLANG_WARN_EMPTY_BODY = YES;
				CLANG_WARN_ENUM_CONVERSION = YES;
				CLANG_WARN_INT_CONVERSION = YES;
				CLANG_WARN_OBJC_ROOT_CLASS = YES_ERROR;
				CLANG_WARN_UNREACHABLE_CODE = YES;
				CLANG_WARN__DUPLICATE_METHOD_MATCH = YES;
				"CODE_SIGN_IDENTITY[sdk=iphoneos*]" = "iPhone Developer";
				COPY_PHASE_STRIP = NO;
				DEBUG_INFORMATION_FORMAT = "dwarf-with-dsym";
				ENABLE_STRICT_OBJC_MSGSEND = YES;
				GCC_C_LANGUAGE_STANDARD = gnu99;
				GCC_DYNAMIC_NO_PIC = NO;
				GCC_NO_COMMON_BLOCKS = YES;
				GCC_OPTIMIZATION_LEVEL = 0;
				GCC_PREPROCESSOR_DEFINITIONS = (
					"DEBUG=1",
					"$(inherited)",
				);
				GCC_SYMBOLS_PRIVATE_EXTERN = NO;
				GCC_WARN_64_TO_32_BIT_CONVERSION = YES;
				GCC_WARN_ABOUT_RETURN_TYPE = YES_ERROR;
				GCC_WARN_UNDECLARED_SELECTOR = YES;
				GCC_WARN_UNINITIALIZED_AUTOS = YES_AGGRESSIVE;
				GCC_WARN_UNUSED_FUNCTION = YES;
				GCC_WARN_UNUSED_VARIABLE = YES;
				IPHONEOS_DEPLOYMENT_TARGET = 8.3;
				MTL_ENABLE_DEBUG_INFO = YES;
				ONLY_ACTIVE_ARCH = YES;
				SDKROOT = iphoneos;
				TARGETED_DEVICE_FAMILY = "1,2";
			};
			name = Debug;
		};
		F4D073631AE89EBB00909814 /* Release */ = {
			isa = XCBuildConfiguration;
			buildSettings = {
				ALWAYS_SEARCH_USER_PATHS = NO;
				CLANG_CXX_LANGUAGE_STANDARD = "gnu++0x";
				CLANG_CXX_LIBRARY = "libc++";
				CLANG_ENABLE_MODULES = YES;
				CLANG_ENABLE_OBJC_ARC = YES;
				CLANG_WARN_BOOL_CONVERSION = YES;
				CLANG_WARN_CONSTANT_CONVERSION = YES;
				CLANG_WARN_DIRECT_OBJC_ISA_USAGE = YES_ERROR;
				CLANG_WARN_EMPTY_BODY = YES;
				CLANG_WARN_ENUM_CONVERSION = YES;
				CLANG_WARN_INT_CONVERSION = YES;
				CLANG_WARN_OBJC_ROOT_CLASS = YES_ERROR;
				CLANG_WARN_UNREACHABLE_CODE = YES;
				CLANG_WARN__DUPLICATE_METHOD_MATCH = YES;
				"CODE_SIGN_IDENTITY[sdk=iphoneos*]" = "iPhone Developer";
				COPY_PHASE_STRIP = NO;
				DEBUG_INFORMATION_FORMAT = "dwarf-with-dsym";
				ENABLE_NS_ASSERTIONS = NO;
				ENABLE_STRICT_OBJC_MSGSEND = YES;
				GCC_C_LANGUAGE_STANDARD = gnu99;
				GCC_NO_COMMON_BLOCKS = YES;
				GCC_WARN_64_TO_32_BIT_CONVERSION = YES;
				GCC_WARN_ABOUT_RETURN_TYPE = YES_ERROR;
				GCC_WARN_UNDECLARED_SELECTOR = YES;
				GCC_WARN_UNINITIALIZED_AUTOS = YES_AGGRESSIVE;
				GCC_WARN_UNUSED_FUNCTION = YES;
				GCC_WARN_UNUSED_VARIABLE = YES;
				IPHONEOS_DEPLOYMENT_TARGET = 8.3;
				MTL_ENABLE_DEBUG_INFO = NO;
				SDKROOT = iphoneos;
				TARGETED_DEVICE_FAMILY = "1,2";
				VALIDATE_PRODUCT = YES;
			};
			name = Release;
		};
		F4D073651AE89EBB00909814 /* Debug */ = {
			isa = XCBuildConfiguration;
			buildSettings = {
				ASSETCATALOG_COMPILER_APPICON_NAME = AppIcon;
				INFOPLIST_FILE = ShareFI/Info.plist;
				LD_RUNPATH_SEARCH_PATHS = "$(inherited) @executable_path/Frameworks";
				PRODUCT_NAME = "$(TARGET_NAME)";
			};
			name = Debug;
		};
		F4D073661AE89EBB00909814 /* Release */ = {
			isa = XCBuildConfiguration;
			buildSettings = {
				ASSETCATALOG_COMPILER_APPICON_NAME = AppIcon;
				INFOPLIST_FILE = ShareFI/Info.plist;
				LD_RUNPATH_SEARCH_PATHS = "$(inherited) @executable_path/Frameworks";
				PRODUCT_NAME = "$(TARGET_NAME)";
			};
			name = Release;
		};
		F4D073681AE89EBB00909814 /* Debug */ = {
			isa = XCBuildConfiguration;
			buildSettings = {
				BUNDLE_LOADER = "$(TEST_HOST)";
				FRAMEWORK_SEARCH_PATHS = (
					"$(SDKROOT)/Developer/Library/Frameworks",
					"$(inherited)",
				);
				GCC_PREPROCESSOR_DEFINITIONS = (
					"DEBUG=1",
					"$(inherited)",
				);
				INFOPLIST_FILE = ShareFITests/Info.plist;
				LD_RUNPATH_SEARCH_PATHS = "$(inherited) @executable_path/Frameworks @loader_path/Frameworks";
				PRODUCT_NAME = "$(TARGET_NAME)";
				TEST_HOST = "$(BUILT_PRODUCTS_DIR)/ShareFI.app/ShareFI";
			};
			name = Debug;
		};
		F4D073691AE89EBB00909814 /* Release */ = {
			isa = XCBuildConfiguration;
			buildSettings = {
				BUNDLE_LOADER = "$(TEST_HOST)";
				FRAMEWORK_SEARCH_PATHS = (
					"$(SDKROOT)/Developer/Library/Frameworks",
					"$(inherited)",
				);
				INFOPLIST_FILE = ShareFITests/Info.plist;
				LD_RUNPATH_SEARCH_PATHS = "$(inherited) @executable_path/Frameworks @loader_path/Frameworks";
				PRODUCT_NAME = "$(TARGET_NAME)";
				TEST_HOST = "$(BUILT_PRODUCTS_DIR)/ShareFI.app/ShareFI";
			};
			name = Release;
		};
/* End XCBuildConfiguration section */

/* Begin XCConfigurationList section */
		F4D073361AE89EBB00909814 /* Build configuration list for PBXProject "ShareFI" */ = {
			isa = XCConfigurationList;
			buildConfigurations = (
				F4D073621AE89EBB00909814 /* Debug */,
				F4D073631AE89EBB00909814 /* Release */,
			);
			defaultConfigurationIsVisible = 0;
			defaultConfigurationName = Release;
		};
		F4D073641AE89EBB00909814 /* Build configuration list for PBXNativeTarget "ShareFI" */ = {
			isa = XCConfigurationList;
			buildConfigurations = (
				F4D073651AE89EBB00909814 /* Debug */,
				F4D073661AE89EBB00909814 /* Release */,
			);
			defaultConfigurationIsVisible = 0;
		};
		F4D073671AE89EBB00909814 /* Build configuration list for PBXNativeTarget "ShareFITests" */ = {
			isa = XCConfigurationList;
			buildConfigurations = (
				F4D073681AE89EBB00909814 /* Debug */,
				F4D073691AE89EBB00909814 /* Release */,
			);
			defaultConfigurationIsVisible = 0;
		};
/* End XCConfigurationList section */
	};
	rootObject = F4D073331AE89EBB00909814 /* Project object */;
}
